
Microsoft Visual Studio Solution File, Format Version 12.00
# Visual Studio Version 16
VisualStudioVersion = 16.0.30114.105
MinimumVisualStudioVersion = 10.0.40219.1
Project("{FAE04EC0-301F-11D3-BF4B-00C04F79EFBC}") = "Moesif.NetFramework.Example", "Moesif.NetFramework.Example\Moesif.NetFramework.Example.csproj", "{01CE4CC9-C236-4634-B462-E577A466E948}"
EndProject
Global
	GlobalSection(SolutionConfigurationPlatforms) = preSolution
		Debug|Any CPU = Debug|Any CPU
		Release|Any CPU = Release|Any CPU
	EndGlobalSection
	GlobalSection(ProjectConfigurationPlatforms) = postSolution
		{01CE4CC9-C236-4634-B462-E577A466E948}.Debug|Any CPU.ActiveCfg = Debug|Any CPU
		{01CE4CC9-C236-4634-B462-E577A466E948}.Debug|Any CPU.Build.0 = Debug|Any CPU
		{01CE4CC9-C236-4634-B462-E577A466E948}.Release|Any CPU.ActiveCfg = Release|Any CPU
		{01CE4CC9-C236-4634-B462-E577A466E948}.Release|Any CPU.Build.0 = Release|Any CPU
	EndGlobalSection
	GlobalSection(SolutionProperties) = preSolution
		HideSolutionNode = FALSE
	EndGlobalSection
	GlobalSection(ExtensibilityGlobals) = postSolution
		SolutionGuid = {4A09E3E0-4240-4D76-A4FC-CD7774FE2FDE}
	EndGlobalSection
EndGlobal
